// !$*UTF8*$!
{
	archiveVersion = 1;
	classes = {
	};
	objectVersion = 50;
	objects = {

/* Begin PBXBuildFile section */
		695E2BEE25828A0500836E7A /* AppDelegate.swift in Sources */ = {isa = PBXBuildFile; fileRef = 695E2BED25828A0500836E7A /* AppDelegate.swift */; };
		695E2BF025828A0500836E7A /* SceneDelegate.swift in Sources */ = {isa = PBXBuildFile; fileRef = 695E2BEF25828A0500836E7A /* SceneDelegate.swift */; };
		695E2BF225828A0500836E7A /* ViewController.swift in Sources */ = {isa = PBXBuildFile; fileRef = 695E2BF125828A0500836E7A /* ViewController.swift */; };
		695E2BF525828A0500836E7A /* Main.storyboard in Resources */ = {isa = PBXBuildFile; fileRef = 695E2BF325828A0500836E7A /* Main.storyboard */; };
		695E2BF725828A0700836E7A /* Assets.xcassets in Resources */ = {isa = PBXBuildFile; fileRef = 695E2BF625828A0700836E7A /* Assets.xcassets */; };
		695E2BFA25828A0700836E7A /* LaunchScreen.storyboard in Resources */ = {isa = PBXBuildFile; fileRef = 695E2BF825828A0700836E7A /* LaunchScreen.storyboard */; };
		695E2C0625829A6600836E7A /* BurgerMenuItemCell.swift in Sources */ = {isa = PBXBuildFile; fileRef = 695E2C0425829A6600836E7A /* BurgerMenuItemCell.swift */; };
		695E2C0725829A6600836E7A /* BurgerMenuItemCell.xib in Resources */ = {isa = PBXBuildFile; fileRef = 695E2C0525829A6600836E7A /* BurgerMenuItemCell.xib */; };
		695E2C0F2582B1A100836E7A /* MenuViewController.swift in Sources */ = {isa = PBXBuildFile; fileRef = 695E2C0E2582B1A100836E7A /* MenuViewController.swift */; };
		699A20CF25833E410060EC4C /* MenuHeader.swift in Sources */ = {isa = PBXBuildFile; fileRef = 699A20CE25833E410060EC4C /* MenuHeader.swift */; };
		699A20D225833E550060EC4C /* MenuHeader.xib in Resources */ = {isa = PBXBuildFile; fileRef = 699A20D125833E550060EC4C /* MenuHeader.xib */; };
/* End PBXBuildFile section */

/* Begin PBXFileReference section */
		695E2BEA25828A0500836E7A /* BurgerMenu.app */ = {isa = PBXFileReference; explicitFileType = wrapper.application; includeInIndex = 0; path = BurgerMenu.app; sourceTree = BUILT_PRODUCTS_DIR; };
		695E2BED25828A0500836E7A /* AppDelegate.swift */ = {isa = PBXFileReference; lastKnownFileType = sourcecode.swift; path = AppDelegate.swift; sourceTree = "<group>"; };
		695E2BEF25828A0500836E7A /* SceneDelegate.swift */ = {isa = PBXFileReference; lastKnownFileType = sourcecode.swift; path = SceneDelegate.swift; sourceTree = "<group>"; };
		695E2BF125828A0500836E7A /* ViewController.swift */ = {isa = PBXFileReference; lastKnownFileType = sourcecode.swift; path = ViewController.swift; sourceTree = "<group>"; };
		695E2BF425828A0500836E7A /* Base */ = {isa = PBXFileReference; lastKnownFileType = file.storyboard; name = Base; path = Base.lproj/Main.storyboard; sourceTree = "<group>"; };
		695E2BF625828A0700836E7A /* Assets.xcassets */ = {isa = PBXFileReference; lastKnownFileType = folder.assetcatalog; path = Assets.xcassets; sourceTree = "<group>"; };
		695E2BF925828A0700836E7A /* Base */ = {isa = PBXFileReference; lastKnownFileType = file.storyboard; name = Base; path = Base.lproj/LaunchScreen.storyboard; sourceTree = "<group>"; };
		695E2BFB25828A0700836E7A /* Info.plist */ = {isa = PBXFileReference; lastKnownFileType = text.plist.xml; path = Info.plist; sourceTree = "<group>"; };
		695E2C0425829A6600836E7A /* BurgerMenuItemCell.swift */ = {isa = PBXFileReference; lastKnownFileType = sourcecode.swift; path = BurgerMenuItemCell.swift; sourceTree = "<group>"; };
		695E2C0525829A6600836E7A /* BurgerMenuItemCell.xib */ = {isa = PBXFileReference; lastKnownFileType = file.xib; path = BurgerMenuItemCell.xib; sourceTree = "<group>"; };
		695E2C0E2582B1A100836E7A /* MenuViewController.swift */ = {isa = PBXFileReference; lastKnownFileType = sourcecode.swift; path = MenuViewController.swift; sourceTree = "<group>"; };
		699A20CE25833E410060EC4C /* MenuHeader.swift */ = {isa = PBXFileReference; lastKnownFileType = sourcecode.swift; path = MenuHeader.swift; sourceTree = "<group>"; };
		699A20D125833E550060EC4C /* MenuHeader.xib */ = {isa = PBXFileReference; lastKnownFileType = file.xib; path = MenuHeader.xib; sourceTree = "<group>"; };
/* End PBXFileReference section */

/* Begin PBXFrameworksBuildPhase section */
		695E2BE725828A0500836E7A /* Frameworks */ = {
			isa = PBXFrameworksBuildPhase;
			buildActionMask = 2147483647;
			files = (
			);
			runOnlyForDeploymentPostprocessing = 0;
		};
/* End PBXFrameworksBuildPhase section */

/* Begin PBXGroup section */
		695E2BE125828A0500836E7A = {
			isa = PBXGroup;
			children = (
				695E2BEC25828A0500836E7A /* BurgerMenu */,
				695E2BEB25828A0500836E7A /* Products */,
			);
			sourceTree = "<group>";
		};
		695E2BEB25828A0500836E7A /* Products */ = {
			isa = PBXGroup;
			children = (
				695E2BEA25828A0500836E7A /* BurgerMenu.app */,
			);
			name = Products;
			sourceTree = "<group>";
		};
		695E2BEC25828A0500836E7A /* BurgerMenu */ = {
			isa = PBXGroup;
			children = (
				695E2C0A2582A2E500836E7A /* ViewControllers */,
				695E2C02258299EE00836E7A /* TableView */,
				695E2BED25828A0500836E7A /* AppDelegate.swift */,
				695E2BEF25828A0500836E7A /* SceneDelegate.swift */,
				695E2BF125828A0500836E7A /* ViewController.swift */,
				695E2BF325828A0500836E7A /* Main.storyboard */,
				695E2BF625828A0700836E7A /* Assets.xcassets */,
				695E2BF825828A0700836E7A /* LaunchScreen.storyboard */,
				695E2BFB25828A0700836E7A /* Info.plist */,
			);
			path = BurgerMenu;
			sourceTree = "<group>";
		};
		695E2C02258299EE00836E7A /* TableView */ = {
			isa = PBXGroup;
			children = (
				695E2C122582BA0300836E7A /* headers */,
				695E2C03258299FB00836E7A /* Cells */,
			);
			path = TableView;
			sourceTree = "<group>";
		};
		695E2C03258299FB00836E7A /* Cells */ = {
			isa = PBXGroup;
			children = (
				695E2C0425829A6600836E7A /* BurgerMenuItemCell.swift */,
				695E2C0525829A6600836E7A /* BurgerMenuItemCell.xib */,
			);
			path = Cells;
			sourceTree = "<group>";
		};
		695E2C0A2582A2E500836E7A /* ViewControllers */ = {
			isa = PBXGroup;
			children = (
				695E2C0E2582B1A100836E7A /* MenuViewController.swift */,
			);
			path = ViewControllers;
			sourceTree = "<group>";
		};
		695E2C122582BA0300836E7A /* headers */ = {
			isa = PBXGroup;
			children = (
				699A20CE25833E410060EC4C /* MenuHeader.swift */,
				699A20D125833E550060EC4C /* MenuHeader.xib */,
			);
			path = headers;
			sourceTree = "<group>";
		};
/* End PBXGroup section */

/* Begin PBXNativeTarget section */
		695E2BE925828A0500836E7A /* BurgerMenu */ = {
			isa = PBXNativeTarget;
			buildConfigurationList = 695E2BFE25828A0700836E7A /* Build configuration list for PBXNativeTarget "BurgerMenu" */;
			buildPhases = (
				695E2BE625828A0500836E7A /* Sources */,
				695E2BE725828A0500836E7A /* Frameworks */,
				695E2BE825828A0500836E7A /* Resources */,
			);
			buildRules = (
			);
			dependencies = (
			);
			name = BurgerMenu;
			productName = BurgerMenu;
			productReference = 695E2BEA25828A0500836E7A /* BurgerMenu.app */;
			productType = "com.apple.product-type.application";
		};
/* End PBXNativeTarget section */

/* Begin PBXProject section */
		695E2BE225828A0500836E7A /* Project object */ = {
			isa = PBXProject;
			attributes = {
				LastSwiftUpdateCheck = 1210;
				LastUpgradeCheck = 1210;
				TargetAttributes = {
					695E2BE925828A0500836E7A = {
						CreatedOnToolsVersion = 12.1;
					};
				};
			};
			buildConfigurationList = 695E2BE525828A0500836E7A /* Build configuration list for PBXProject "BurgerMenu" */;
			compatibilityVersion = "Xcode 9.3";
			developmentRegion = en;
			hasScannedForEncodings = 0;
			knownRegions = (
				en,
				Base,
			);
			mainGroup = 695E2BE125828A0500836E7A;
			productRefGroup = 695E2BEB25828A0500836E7A /* Products */;
			projectDirPath = "";
			projectRoot = "";
			targets = (
				695E2BE925828A0500836E7A /* BurgerMenu */,
			);
		};
/* End PBXProject section */

/* Begin PBXResourcesBuildPhase section */
		695E2BE825828A0500836E7A /* Resources */ = {
			isa = PBXResourcesBuildPhase;
			buildActionMask = 2147483647;
			files = (
				695E2BFA25828A0700836E7A /* LaunchScreen.storyboard in Resources */,
				695E2BF725828A0700836E7A /* Assets.xcassets in Resources */,
				699A20D225833E550060EC4C /* MenuHeader.xib in Resources */,
				695E2C0725829A6600836E7A /* BurgerMenuItemCell.xib in Resources */,
				695E2BF525828A0500836E7A /* Main.storyboard in Resources */,
			);
			runOnlyForDeploymentPostprocessing = 0;
		};
/* End PBXResourcesBuildPhase section */

/* Begin PBXSourcesBuildPhase section */
		695E2BE625828A0500836E7A /* Sources */ = {
			isa = PBXSourcesBuildPhase;
			buildActionMask = 2147483647;
			files = (
				695E2BF225828A0500836E7A /* ViewController.swift in Sources */,
				695E2C0F2582B1A100836E7A /* MenuViewController.swift in Sources */,
				695E2BEE25828A0500836E7A /* AppDelegate.swift in Sources */,
				699A20CF25833E410060EC4C /* MenuHeader.swift in Sources */,
				695E2C0625829A6600836E7A /* BurgerMenuItemCell.swift in Sources */,
				695E2BF025828A0500836E7A /* SceneDelegate.swift in Sources */,
			);
			runOnlyForDeploymentPostprocessing = 0;
		};
/* End PBXSourcesBuildPhase section */

/* Begin PBXVariantGroup section */
		695E2BF325828A0500836E7A /* Main.storyboard */ = {
			isa = PBXVariantGroup;
			children = (
				695E2BF425828A0500836E7A /* Base */,
			);
			name = Main.storyboard;
			sourceTree = "<group>";
		};
		695E2BF825828A0700836E7A /* LaunchScreen.storyboard */ = {
			isa = PBXVariantGroup;
			children = (
				695E2BF925828A0700836E7A /* Base */,
			);
			name = LaunchScreen.storyboard;
			sourceTree = "<group>";
		};
/* End PBXVariantGroup section */

/* Begin XCBuildConfiguration section */
		695E2BFC25828A0700836E7A /* Debug */ = {
			isa = XCBuildConfiguration;
			buildSettings = {
				ALWAYS_SEARCH_USER_PATHS = NO;
				CLANG_ANALYZER_NONNULL = YES;
				CLANG_ANALYZER_NUMBER_OBJECT_CONVERSION = YES_AGGRESSIVE;
				CLANG_CXX_LANGUAGE_STANDARD = "gnu++14";
				CLANG_CXX_LIBRARY = "libc++";
				CLANG_ENABLE_MODULES = YES;
				CLANG_ENABLE_OBJC_ARC = YES;
				CLANG_ENABLE_OBJC_WEAK = YES;
				CLANG_WARN_BLOCK_CAPTURE_AUTORELEASING = YES;
				CLANG_WARN_BOOL_CONVERSION = YES;
				CLANG_WARN_COMMA = YES;
				CLANG_WARN_CONSTANT_CONVERSION = YES;
				CLANG_WARN_DEPRECATED_OBJC_IMPLEMENTATIONS = YES;
				CLANG_WARN_DIRECT_OBJC_ISA_USAGE = YES_ERROR;
				CLANG_WARN_DOCUMENTATION_COMMENTS = YES;
				CLANG_WARN_EMPTY_BODY = YES;
				CLANG_WARN_ENUM_CONVERSION = YES;
				CLANG_WARN_INFINITE_RECURSION = YES;
				CLANG_WARN_INT_CONVERSION = YES;
				CLANG_WARN_NON_LITERAL_NULL_CONVERSION = YES;
				CLANG_WARN_OBJC_IMPLICIT_RETAIN_SELF = YES;
				CLANG_WARN_OBJC_LITERAL_CONVERSION = YES;
				CLANG_WARN_OBJC_ROOT_CLASS = YES_ERROR;
				CLANG_WARN_QUOTED_INCLUDE_IN_FRAMEWORK_HEADER = YES;
				CLANG_WARN_RANGE_LOOP_ANALYSIS = YES;
				CLANG_WARN_STRICT_PROTOTYPES = YES;
				CLANG_WARN_SUSPICIOUS_MOVE = YES;
				CLANG_WARN_UNGUARDED_AVAILABILITY = YES_AGGRESSIVE;
				CLANG_WARN_UNREACHABLE_CODE = YES;
				CLANG_WARN__DUPLICATE_METHOD_MATCH = YES;
				COPY_PHASE_STRIP = NO;
				DEBUG_INFORMATION_FORMAT = dwarf;
				ENABLE_STRICT_OBJC_MSGSEND = YES;
				ENABLE_TESTABILITY = YES;
				GCC_C_LANGUAGE_STANDARD = gnu11;
				GCC_DYNAMIC_NO_PIC = NO;
				GCC_NO_COMMON_BLOCKS = YES;
				GCC_OPTIMIZATION_LEVEL = 0;
				GCC_PREPROCESSOR_DEFINITIONS = (
					"DEBUG=1",
					"$(inherited)",
				);
				GCC_WARN_64_TO_32_BIT_CONVERSION = YES;
				GCC_WARN_ABOUT_RETURN_TYPE = YES_ERROR;
				GCC_WARN_UNDECLARED_SELECTOR = YES;
				GCC_WARN_UNINITIALIZED_AUTOS = YES_AGGRESSIVE;
				GCC_WARN_UNUSED_FUNCTION = YES;
				GCC_WARN_UNUSED_VARIABLE = YES;
				IPHONEOS_DEPLOYMENT_TARGET = 14.1;
				MTL_ENABLE_DEBUG_INFO = INCLUDE_SOURCE;
				MTL_FAST_MATH = YES;
				ONLY_ACTIVE_ARCH = YES;
				SDKROOT = iphoneos;
				SWIFT_ACTIVE_COMPILATION_CONDITIONS = DEBUG;
				SWIFT_OPTIMIZATION_LEVEL = "-Onone";
			};
			name = Debug;
		};
		695E2BFD25828A0700836E7A /* Release */ = {
			isa = XCBuildConfiguration;
			buildSettings = {
				ALWAYS_SEARCH_USER_PATHS = NO;
				CLANG_ANALYZER_NONNULL = YES;
				CLANG_ANALYZER_NUMBER_OBJECT_CONVERSION = YES_AGGRESSIVE;
				CLANG_CXX_LANGUAGE_STANDARD = "gnu++14";
				CLANG_CXX_LIBRARY = "libc++";
				CLANG_ENABLE_MODULES = YES;
				CLANG_ENABLE_OBJC_ARC = YES;
				CLANG_ENABLE_OBJC_WEAK = YES;
				CLANG_WARN_BLOCK_CAPTURE_AUTORELEASING = YES;
				CLANG_WARN_BOOL_CONVERSION = YES;
				CLANG_WARN_COMMA = YES;
				CLANG_WARN_CONSTANT_CONVERSION = YES;
				CLANG_WARN_DEPRECATED_OBJC_IMPLEMENTATIONS = YES;
				CLANG_WARN_DIRECT_OBJC_ISA_USAGE = YES_ERROR;
				CLANG_WARN_DOCUMENTATION_COMMENTS = YES;
				CLANG_WARN_EMPTY_BODY = YES;
				CLANG_WARN_ENUM_CONVERSION = YES;
				CLANG_WARN_INFINITE_RECURSION = YES;
				CLANG_WARN_INT_CONVERSION = YES;
				CLANG_WARN_NON_LITERAL_NULL_CONVERSION = YES;
				CLANG_WARN_OBJC_IMPLICIT_RETAIN_SELF = YES;
				CLANG_WARN_OBJC_LITERAL_CONVERSION = YES;
				CLANG_WARN_OBJC_ROOT_CLASS = YES_ERROR;
				CLANG_WARN_QUOTED_INCLUDE_IN_FRAMEWORK_HEADER = YES;
				CLANG_WARN_RANGE_LOOP_ANALYSIS = YES;
				CLANG_WARN_STRICT_PROTOTYPES = YES;
				CLANG_WARN_SUSPICIOUS_MOVE = YES;
				CLANG_WARN_UNGUARDED_AVAILABILITY = YES_AGGRESSIVE;
				CLANG_WARN_UNREACHABLE_CODE = YES;
				CLANG_WARN__DUPLICATE_METHOD_MATCH = YES;
				COPY_PHASE_STRIP = NO;
				DEBUG_INFORMATION_FORMAT = "dwarf-with-dsym";
				ENABLE_NS_ASSERTIONS = NO;
				ENABLE_STRICT_OBJC_MSGSEND = YES;
				GCC_C_LANGUAGE_STANDARD = gnu11;
				GCC_NO_COMMON_BLOCKS = YES;
				GCC_WARN_64_TO_32_BIT_CONVERSION = YES;
				GCC_WARN_ABOUT_RETURN_TYPE = YES_ERROR;
				GCC_WARN_UNDECLARED_SELECTOR = YES;
				GCC_WARN_UNINITIALIZED_AUTOS = YES_AGGRESSIVE;
				GCC_WARN_UNUSED_FUNCTION = YES;
				GCC_WARN_UNUSED_VARIABLE = YES;
				IPHONEOS_DEPLOYMENT_TARGET = 14.1;
				MTL_ENABLE_DEBUG_INFO = NO;
				MTL_FAST_MATH = YES;
				SDKROOT = iphoneos;
				SWIFT_COMPILATION_MODE = wholemodule;
				SWIFT_OPTIMIZATION_LEVEL = "-O";
				VALIDATE_PRODUCT = YES;
			};
			name = Release;
		};
		695E2BFF25828A0700836E7A /* Debug */ = {
			isa = XCBuildConfiguration;
			buildSettings = {
				ASSETCATALOG_COMPILER_APPICON_NAME = AppIcon;
				ASSETCATALOG_COMPILER_GLOBAL_ACCENT_COLOR_NAME = AccentColor;
				CODE_SIGN_STYLE = Automatic;
				INFOPLIST_FILE = BurgerMenu/Info.plist;
				LD_RUNPATH_SEARCH_PATHS = (
					"$(inherited)",
					"@executable_path/Frameworks",
				);
				PRODUCT_BUNDLE_IDENTIFIER = IOS.BurgerMenu;
				PRODUCT_NAME = "$(TARGET_NAME)";
				SWIFT_VERSION = 5.0;
				TARGETED_DEVICE_FAMILY = "1,2";
			};
			name = Debug;
		};
		695E2C0025828A0700836E7A /* Release */ = {
			isa = XCBuildConfiguration;
			buildSettings = {
				ASSETCATALOG_COMPILER_APPICON_NAME = AppIcon;
				ASSETCATALOG_COMPILER_GLOBAL_ACCENT_COLOR_NAME = AccentColor;
				CODE_SIGN_STYLE = Automatic;
				INFOPLIST_FILE = BurgerMenu/Info.plist;
				LD_RUNPATH_SEARCH_PATHS = (
					"$(inherited)",
					"@executable_path/Frameworks",
				);
				PRODUCT_BUNDLE_IDENTIFIER = IOS.BurgerMenu;
				PRODUCT_NAME = "$(TARGET_NAME)";
				SWIFT_VERSION = 5.0;
				TARGETED_DEVICE_FAMILY = "1,2";
			};
			name = Release;
		};
/* End XCBuildConfiguration section */

/* Begin XCConfigurationList section */
		695E2BE525828A0500836E7A /* Build configuration list for PBXProject "BurgerMenu" */ = {
			isa = XCConfigurationList;
			buildConfigurations = (
				695E2BFC25828A0700836E7A /* Debug */,
				695E2BFD25828A0700836E7A /* Release */,
			);
			defaultConfigurationIsVisible = 0;
			defaultConfigurationName = Release;
		};
		695E2BFE25828A0700836E7A /* Build configuration list for PBXNativeTarget "BurgerMenu" */ = {
			isa = XCConfigurationList;
			buildConfigurations = (
				695E2BFF25828A0700836E7A /* Debug */,
				695E2C0025828A0700836E7A /* Release */,
			);
			defaultConfigurationIsVisible = 0;
			defaultConfigurationName = Release;
		};
/* End XCConfigurationList section */
	};
	rootObject = 695E2BE225828A0500836E7A /* Project object */;
}
